
Microsoft Visual Studio Solution File, Format Version 12.00
# Visual Studio Version 17
VisualStudioVersion = 17.0.31903.59
MinimumVisualStudioVersion = 10.0.40219.1
Project("{2150E333-8FDC-42A3-9474-1A3956D46DE8}") = "src", "src", "{76FD7C2D-05AC-43BB-B8EC-E0FC45EE885C}"
EndProject
Project("{9A19103F-16F7-4668-BE54-9A1E7A4F7556}") = "AuctionService", "src\AuctionService\AuctionService.csproj", "{E9E43D7A-8918-4239-AFAF-BD4D98A422A8}"
EndProject
Project("{2150E333-8FDC-42A3-9474-1A3956D46DE8}") = "SolutionItems", "SolutionItems", "{3375177C-A0B1-4764-9830-48307FA2B577}"
	ProjectSection(SolutionItems) = preProject
		docker-compose.yml = docker-compose.yml
	EndProjectSection
EndProject
Project("{9A19103F-16F7-4668-BE54-9A1E7A4F7556}") = "SearchService", "src\SearchService\SearchService.csproj", "{720DBF54-99F2-4E16-9822-5F2B330598D4}"
EndProject
Project("{9A19103F-16F7-4668-BE54-9A1E7A4F7556}") = "Contracts", "src\Contracts\Contracts.csproj", "{754362C5-34E9-4F54-B47D-8C0657070A4C}"
EndProject
Project("{9A19103F-16F7-4668-BE54-9A1E7A4F7556}") = "IdentityService", "src\IdentityService\IdentityService.csproj", "{AEAC9646-2EA6-4C28-9D08-EA990F106E6D}"
EndProject
Project("{9A19103F-16F7-4668-BE54-9A1E7A4F7556}") = "GatewayService", "src\GatewayService\GatewayService.csproj", "{7DF8F82B-4A9E-4550-9679-147D9D7E4E31}"
EndProject
Project("{FAE04EC0-301F-11D3-BF4B-00C04F79EFBC}") = "BiddingService", "src\BiddingService\BiddingService.csproj", "{DF99D5AE-0E56-4B2D-B5D8-9B3F2C92C7FF}"
EndProject
Project("{FAE04EC0-301F-11D3-BF4B-00C04F79EFBC}") = "NotificationService", "src\NotificationService\NotificationService.csproj", "{3D8B4010-B375-4F96-BED2-2C203D2A6BA3}"
EndProject
Global
	GlobalSection(SolutionConfigurationPlatforms) = preSolution
		Debug|Any CPU = Debug|Any CPU
		Release|Any CPU = Release|Any CPU
	EndGlobalSection
	GlobalSection(ProjectConfigurationPlatforms) = postSolution
		{E9E43D7A-8918-4239-AFAF-BD4D98A422A8}.Debug|Any CPU.ActiveCfg = Debug|Any CPU
		{E9E43D7A-8918-4239-AFAF-BD4D98A422A8}.Debug|Any CPU.Build.0 = Debug|Any CPU
		{E9E43D7A-8918-4239-AFAF-BD4D98A422A8}.Release|Any CPU.ActiveCfg = Release|Any CPU
		{E9E43D7A-8918-4239-AFAF-BD4D98A422A8}.Release|Any CPU.Build.0 = Release|Any CPU
		{720DBF54-99F2-4E16-9822-5F2B330598D4}.Debug|Any CPU.ActiveCfg = Debug|Any CPU
		{720DBF54-99F2-4E16-9822-5F2B330598D4}.Debug|Any CPU.Build.0 = Debug|Any CPU
		{720DBF54-99F2-4E16-9822-5F2B330598D4}.Release|Any CPU.ActiveCfg = Release|Any CPU
		{720DBF54-99F2-4E16-9822-5F2B330598D4}.Release|Any CPU.Build.0 = Release|Any CPU
		{754362C5-34E9-4F54-B47D-8C0657070A4C}.Debug|Any CPU.ActiveCfg = Debug|Any CPU
		{754362C5-34E9-4F54-B47D-8C0657070A4C}.Debug|Any CPU.Build.0 = Debug|Any CPU
		{754362C5-34E9-4F54-B47D-8C0657070A4C}.Release|Any CPU.ActiveCfg = Release|Any CPU
		{754362C5-34E9-4F54-B47D-8C0657070A4C}.Release|Any CPU.Build.0 = Release|Any CPU
		{AEAC9646-2EA6-4C28-9D08-EA990F106E6D}.Debug|Any CPU.ActiveCfg = Debug|Any CPU
		{AEAC9646-2EA6-4C28-9D08-EA990F106E6D}.Debug|Any CPU.Build.0 = Debug|Any CPU
		{AEAC9646-2EA6-4C28-9D08-EA990F106E6D}.Release|Any CPU.ActiveCfg = Release|Any CPU
		{AEAC9646-2EA6-4C28-9D08-EA990F106E6D}.Release|Any CPU.Build.0 = Release|Any CPU
		{7DF8F82B-4A9E-4550-9679-147D9D7E4E31}.Debug|Any CPU.ActiveCfg = Debug|Any CPU
		{7DF8F82B-4A9E-4550-9679-147D9D7E4E31}.Debug|Any CPU.Build.0 = Debug|Any CPU
		{7DF8F82B-4A9E-4550-9679-147D9D7E4E31}.Release|Any CPU.ActiveCfg = Release|Any CPU
		{7DF8F82B-4A9E-4550-9679-147D9D7E4E31}.Release|Any CPU.Build.0 = Release|Any CPU
		{DF99D5AE-0E56-4B2D-B5D8-9B3F2C92C7FF}.Debug|Any CPU.ActiveCfg = Debug|Any CPU
		{DF99D5AE-0E56-4B2D-B5D8-9B3F2C92C7FF}.Debug|Any CPU.Build.0 = Debug|Any CPU
		{DF99D5AE-0E56-4B2D-B5D8-9B3F2C92C7FF}.Release|Any CPU.ActiveCfg = Release|Any CPU
		{DF99D5AE-0E56-4B2D-B5D8-9B3F2C92C7FF}.Release|Any CPU.Build.0 = Release|Any CPU
		{3D8B4010-B375-4F96-BED2-2C203D2A6BA3}.Debug|Any CPU.ActiveCfg = Debug|Any CPU
		{3D8B4010-B375-4F96-BED2-2C203D2A6BA3}.Debug|Any CPU.Build.0 = Debug|Any CPU
		{3D8B4010-B375-4F96-BED2-2C203D2A6BA3}.Release|Any CPU.ActiveCfg = Release|Any CPU
		{3D8B4010-B375-4F96-BED2-2C203D2A6BA3}.Release|Any CPU.Build.0 = Release|Any CPU
	EndGlobalSection
	GlobalSection(SolutionProperties) = preSolution
		HideSolutionNode = FALSE
	EndGlobalSection
	GlobalSection(NestedProjects) = preSolution
		{E9E43D7A-8918-4239-AFAF-BD4D98A422A8} = {76FD7C2D-05AC-43BB-B8EC-E0FC45EE885C}
		{720DBF54-99F2-4E16-9822-5F2B330598D4} = {76FD7C2D-05AC-43BB-B8EC-E0FC45EE885C}
		{754362C5-34E9-4F54-B47D-8C0657070A4C} = {76FD7C2D-05AC-43BB-B8EC-E0FC45EE885C}
		{AEAC9646-2EA6-4C28-9D08-EA990F106E6D} = {76FD7C2D-05AC-43BB-B8EC-E0FC45EE885C}
		{7DF8F82B-4A9E-4550-9679-147D9D7E4E31} = {76FD7C2D-05AC-43BB-B8EC-E0FC45EE885C}
		{DF99D5AE-0E56-4B2D-B5D8-9B3F2C92C7FF} = {76FD7C2D-05AC-43BB-B8EC-E0FC45EE885C}
		{3D8B4010-B375-4F96-BED2-2C203D2A6BA3} = {76FD7C2D-05AC-43BB-B8EC-E0FC45EE885C}
	EndGlobalSection
	GlobalSection(ExtensibilityGlobals) = postSolution
		SolutionGuid = {BFB58C99-3C57-4842-9CC8-1A277D37ED22}
	EndGlobalSection
EndGlobal
